
Microsoft Visual Studio Solution File, Format Version 12.00
# Visual Studio Version 16
VisualStudioVersion = 16.0.29519.87
MinimumVisualStudioVersion = 10.0.40219.1
Project("{FAE04EC0-301F-11D3-BF4B-00C04F79EFBC}") = "ProxyON", "ProxyON\ProxyON.csproj", "{C1119BB7-DAA4-4068-BFE1-5C8F8AEC7C70}"
EndProject
Global
	GlobalSection(SolutionConfigurationPlatforms) = preSolution
		Debug|Any CPU = Debug|Any CPU
		Release|Any CPU = Release|Any CPU
	EndGlobalSection
	GlobalSection(ProjectConfigurationPlatforms) = postSolution
		{C1119BB7-DAA4-4068-BFE1-5C8F8AEC7C70}.Debug|Any CPU.ActiveCfg = Debug|Any CPU
		{C1119BB7-DAA4-4068-BFE1-5C8F8AEC7C70}.Debug|Any CPU.Build.0 = Debug|Any CPU
		{C1119BB7-DAA4-4068-BFE1-5C8F8AEC7C70}.Release|Any CPU.ActiveCfg = Release|Any CPU
		{C1119BB7-DAA4-4068-BFE1-5C8F8AEC7C70}.Release|Any CPU.Build.0 = Release|Any CPU
	EndGlobalSection
	GlobalSection(SolutionProperties) = preSolution
		HideSolutionNode = FALSE
	EndGlobalSection
	GlobalSection(ExtensibilityGlobals) = postSolution
		SolutionGuid = {3F7A3D8D-099F-4005-9C51-63AA83BF5BDF}
	EndGlobalSection
EndGlobal
